
Microsoft Visual Studio Solution File, Format Version 12.00
# Visual Studio Version 17
VisualStudioVersion = 17.0.31903.59
MinimumVisualStudioVersion = 10.0.40219.1
Project("{9A19103F-16F7-4668-BE54-9A1E7A4F7556}") = "Enhetskonvertering", "Enhetskonvertering\Enhetskonvertering.csproj", "{DD09E6AB-6E5E-4495-BF84-C929BD016070}"
EndProject
Project("{FAE04EC0-301F-11D3-BF4B-00C04F79EFBC}") = "TestEnhetskonvertering", "TestEnhetskonvertering\TestEnhetskonvertering.csproj", "{F3BE9D57-3DEE-48B8-A0B0-52CC73BC082C}"
EndProject
Global
	GlobalSection(SolutionConfigurationPlatforms) = preSolution
		Debug|Any CPU = Debug|Any CPU
		Release|Any CPU = Release|Any CPU
	EndGlobalSection
	GlobalSection(ProjectConfigurationPlatforms) = postSolution
		{DD09E6AB-6E5E-4495-BF84-C929BD016070}.Debug|Any CPU.ActiveCfg = Debug|Any CPU
		{DD09E6AB-6E5E-4495-BF84-C929BD016070}.Debug|Any CPU.Build.0 = Debug|Any CPU
		{DD09E6AB-6E5E-4495-BF84-C929BD016070}.Release|Any CPU.ActiveCfg = Release|Any CPU
		{DD09E6AB-6E5E-4495-BF84-C929BD016070}.Release|Any CPU.Build.0 = Release|Any CPU
		{F3BE9D57-3DEE-48B8-A0B0-52CC73BC082C}.Debug|Any CPU.ActiveCfg = Debug|Any CPU
		{F3BE9D57-3DEE-48B8-A0B0-52CC73BC082C}.Debug|Any CPU.Build.0 = Debug|Any CPU
		{F3BE9D57-3DEE-48B8-A0B0-52CC73BC082C}.Release|Any CPU.ActiveCfg = Release|Any CPU
		{F3BE9D57-3DEE-48B8-A0B0-52CC73BC082C}.Release|Any CPU.Build.0 = Release|Any CPU
	EndGlobalSection
	GlobalSection(SolutionProperties) = preSolution
		HideSolutionNode = FALSE
	EndGlobalSection
	GlobalSection(ExtensibilityGlobals) = postSolution
		SolutionGuid = {78BBEC0C-5779-44C8-86EB-F080B5BB2ED2}
	EndGlobalSection
EndGlobal
